
Microsoft Visual Studio Solution File, Format Version 12.00
# Visual Studio 15
VisualStudioVersion = 15.0.28307.421
MinimumVisualStudioVersion = 10.0.40219.1
Project("{FAE04EC0-301F-11D3-BF4B-00C04F79EFBC}") = "CafetoTest", "CafetoTest.csproj", "{F5FFE68A-FE5C-44A4-BE85-2548CB13972E}"
EndProject
Project("{FAE04EC0-301F-11D3-BF4B-00C04F79EFBC}") = "CafetoTestUnitTests", "..\CafetoTestUnitTests\CafetoTestUnitTests.csproj", "{7831F01C-FB10-4F33-9C97-23C1F2099F03}"
EndProject
Global
	GlobalSection(SolutionConfigurationPlatforms) = preSolution
		Debug|Any CPU = Debug|Any CPU
		Release|Any CPU = Release|Any CPU
	EndGlobalSection
	GlobalSection(ProjectConfigurationPlatforms) = postSolution
		{F5FFE68A-FE5C-44A4-BE85-2548CB13972E}.Debug|Any CPU.ActiveCfg = Debug|Any CPU
		{F5FFE68A-FE5C-44A4-BE85-2548CB13972E}.Debug|Any CPU.Build.0 = Debug|Any CPU
		{F5FFE68A-FE5C-44A4-BE85-2548CB13972E}.Release|Any CPU.ActiveCfg = Release|Any CPU
		{F5FFE68A-FE5C-44A4-BE85-2548CB13972E}.Release|Any CPU.Build.0 = Release|Any CPU
		{7831F01C-FB10-4F33-9C97-23C1F2099F03}.Debug|Any CPU.ActiveCfg = Debug|Any CPU
		{7831F01C-FB10-4F33-9C97-23C1F2099F03}.Debug|Any CPU.Build.0 = Debug|Any CPU
		{7831F01C-FB10-4F33-9C97-23C1F2099F03}.Release|Any CPU.ActiveCfg = Release|Any CPU
		{7831F01C-FB10-4F33-9C97-23C1F2099F03}.Release|Any CPU.Build.0 = Release|Any CPU
	EndGlobalSection
	GlobalSection(SolutionProperties) = preSolution
		HideSolutionNode = FALSE
	EndGlobalSection
	GlobalSection(ExtensibilityGlobals) = postSolution
		SolutionGuid = {E14F856E-9F61-487D-94A8-DC236278B852}
	EndGlobalSection
EndGlobal
